
Microsoft Visual Studio Solution File, Format Version 12.00
Project("{FAE04EC0-301F-11D3-BF4B-00C04F79EFBC}") = "HelloRender.Api", "HelloRender.Api\HelloRender.Api.csproj", "{7A26D8FD-8C09-4055-874C-2847F4739ADB}"
EndProject
Global
	GlobalSection(SolutionConfigurationPlatforms) = preSolution
		Debug|Any CPU = Debug|Any CPU
		Release|Any CPU = Release|Any CPU
	EndGlobalSection
	GlobalSection(ProjectConfigurationPlatforms) = postSolution
		{7A26D8FD-8C09-4055-874C-2847F4739ADB}.Debug|Any CPU.ActiveCfg = Debug|Any CPU
		{7A26D8FD-8C09-4055-874C-2847F4739ADB}.Debug|Any CPU.Build.0 = Debug|Any CPU
		{7A26D8FD-8C09-4055-874C-2847F4739ADB}.Release|Any CPU.ActiveCfg = Release|Any CPU
		{7A26D8FD-8C09-4055-874C-2847F4739ADB}.Release|Any CPU.Build.0 = Release|Any CPU
	EndGlobalSection
EndGlobal
